
Microsoft Visual Studio Solution File, Format Version 12.00
# Visual Studio Version 17
VisualStudioVersion = 17.6.33815.320
MinimumVisualStudioVersion = 10.0.40219.1
Project("{FAE04EC0-301F-11D3-BF4B-00C04F79EFBC}") = "OnlineDellShowroom", "OnlineDellShowroom.csproj", "{EAD6BDFB-033C-4D94-9678-576F45252F88}"
EndProject
Global
	GlobalSection(SolutionConfigurationPlatforms) = preSolution
		Debug|Any CPU = Debug|Any CPU
		Release|Any CPU = Release|Any CPU
	EndGlobalSection
	GlobalSection(ProjectConfigurationPlatforms) = postSolution
		{EAD6BDFB-033C-4D94-9678-576F45252F88}.Debug|Any CPU.ActiveCfg = Debug|Any CPU
		{EAD6BDFB-033C-4D94-9678-576F45252F88}.Debug|Any CPU.Build.0 = Debug|Any CPU
		{EAD6BDFB-033C-4D94-9678-576F45252F88}.Release|Any CPU.ActiveCfg = Release|Any CPU
		{EAD6BDFB-033C-4D94-9678-576F45252F88}.Release|Any CPU.Build.0 = Release|Any CPU
	EndGlobalSection
	GlobalSection(SolutionProperties) = preSolution
		HideSolutionNode = FALSE
	EndGlobalSection
	GlobalSection(ExtensibilityGlobals) = postSolution
		SolutionGuid = {979B19A3-1F5F-4722-A158-1880B152BC3A}
	EndGlobalSection
EndGlobal
